
Microsoft Visual Studio Solution File, Format Version 12.00
# Visual Studio Version 16
VisualStudioVersion = 16.0.33423.256
MinimumVisualStudioVersion = 10.0.40219.1
Project("{FAE04EC0-301F-11D3-BF4B-00C04F79EFBC}") = "Roulette Grid", "Roulette Grid\Roulette Grid.csproj", "{E9352318-8BB3-43BA-90D1-4BB40EC0F948}"
EndProject
Global
	GlobalSection(SolutionConfigurationPlatforms) = preSolution
		Debug|Any CPU = Debug|Any CPU
		Release|Any CPU = Release|Any CPU
	EndGlobalSection
	GlobalSection(ProjectConfigurationPlatforms) = postSolution
		{E9352318-8BB3-43BA-90D1-4BB40EC0F948}.Debug|Any CPU.ActiveCfg = Debug|Any CPU
		{E9352318-8BB3-43BA-90D1-4BB40EC0F948}.Debug|Any CPU.Build.0 = Debug|Any CPU
		{E9352318-8BB3-43BA-90D1-4BB40EC0F948}.Release|Any CPU.ActiveCfg = Release|Any CPU
		{E9352318-8BB3-43BA-90D1-4BB40EC0F948}.Release|Any CPU.Build.0 = Release|Any CPU
	EndGlobalSection
	GlobalSection(SolutionProperties) = preSolution
		HideSolutionNode = FALSE
	EndGlobalSection
	GlobalSection(ExtensibilityGlobals) = postSolution
		SolutionGuid = {17FECFC0-27B7-4670-9294-A574E71F8167}
	EndGlobalSection
EndGlobal
